
Microsoft Visual Studio Solution File, Format Version 12.00
# Visual Studio Version 17
VisualStudioVersion = 17.0.32112.339
MinimumVisualStudioVersion = 10.0.40219.1
Project("{FAE04EC0-301F-11D3-BF4B-00C04F79EFBC}") = "Kalitim", "Kalitim\Kalitim.csproj", "{9796728A-D2E1-4C4E-8DBE-BAFFA9CD5589}"
EndProject
Global
	GlobalSection(SolutionConfigurationPlatforms) = preSolution
		Debug|Any CPU = Debug|Any CPU
		Release|Any CPU = Release|Any CPU
	EndGlobalSection
	GlobalSection(ProjectConfigurationPlatforms) = postSolution
		{9796728A-D2E1-4C4E-8DBE-BAFFA9CD5589}.Debug|Any CPU.ActiveCfg = Debug|Any CPU
		{9796728A-D2E1-4C4E-8DBE-BAFFA9CD5589}.Debug|Any CPU.Build.0 = Debug|Any CPU
		{9796728A-D2E1-4C4E-8DBE-BAFFA9CD5589}.Release|Any CPU.ActiveCfg = Release|Any CPU
		{9796728A-D2E1-4C4E-8DBE-BAFFA9CD5589}.Release|Any CPU.Build.0 = Release|Any CPU
	EndGlobalSection
	GlobalSection(SolutionProperties) = preSolution
		HideSolutionNode = FALSE
	EndGlobalSection
	GlobalSection(ExtensibilityGlobals) = postSolution
		SolutionGuid = {E6F1024A-9C59-4162-B91B-5FD0981D89DF}
	EndGlobalSection
EndGlobal
